
Microsoft Visual Studio Solution File, Format Version 12.00
# Visual Studio 15
VisualStudioVersion = 15.0.27428.2005
MinimumVisualStudioVersion = 10.0.40219.1
Project("{FAE04EC0-301F-11D3-BF4B-00C04F79EFBC}") = "TechnicalQuestion1", "TechnicalQuestion1\TechnicalQuestion1.csproj", "{55A678A9-54EE-450A-ADA3-22493B375E98}"
EndProject
Global
	GlobalSection(SolutionConfigurationPlatforms) = preSolution
		Debug|Any CPU = Debug|Any CPU
		Release|Any CPU = Release|Any CPU
	EndGlobalSection
	GlobalSection(ProjectConfigurationPlatforms) = postSolution
		{55A678A9-54EE-450A-ADA3-22493B375E98}.Debug|Any CPU.ActiveCfg = Debug|Any CPU
		{55A678A9-54EE-450A-ADA3-22493B375E98}.Debug|Any CPU.Build.0 = Debug|Any CPU
		{55A678A9-54EE-450A-ADA3-22493B375E98}.Release|Any CPU.ActiveCfg = Release|Any CPU
		{55A678A9-54EE-450A-ADA3-22493B375E98}.Release|Any CPU.Build.0 = Release|Any CPU
	EndGlobalSection
	GlobalSection(SolutionProperties) = preSolution
		HideSolutionNode = FALSE
	EndGlobalSection
	GlobalSection(ExtensibilityGlobals) = postSolution
		SolutionGuid = {1969FAC1-B6B9-4718-B7DC-543FDDECFE14}
	EndGlobalSection
EndGlobal
